
Microsoft Visual Studio Solution File, Format Version 12.00
# Visual Studio Version 17
VisualStudioVersion = 17.4.33205.214
MinimumVisualStudioVersion = 10.0.40219.1
Project("{9A19103F-16F7-4668-BE54-9A1E7A4F7556}") = "BlazorDatasource.Server", "Server\BlazorDatasource.Server.csproj", "{36B282B9-823F-41EE-9EB1-EAB65A3817D7}"
EndProject
Project("{9A19103F-16F7-4668-BE54-9A1E7A4F7556}") = "BlazorDatasource.Shared", "Shared\BlazorDatasource.Shared.csproj", "{F0479255-54C0-4F6B-A70F-6FEA50807222}"
EndProject
Project("{9A19103F-16F7-4668-BE54-9A1E7A4F7556}") = "BlazorDatasource.Api", "Api\BlazorDatasource.Api.csproj", "{3C2BF63C-7BC3-4B5F-827D-C2200CBAB69D}"
EndProject
Global
	GlobalSection(SolutionConfigurationPlatforms) = preSolution
		Debug|Any CPU = Debug|Any CPU
		Release|Any CPU = Release|Any CPU
	EndGlobalSection
	GlobalSection(ProjectConfigurationPlatforms) = postSolution
		{36B282B9-823F-41EE-9EB1-EAB65A3817D7}.Debug|Any CPU.ActiveCfg = Debug|Any CPU
		{36B282B9-823F-41EE-9EB1-EAB65A3817D7}.Debug|Any CPU.Build.0 = Debug|Any CPU
		{36B282B9-823F-41EE-9EB1-EAB65A3817D7}.Release|Any CPU.ActiveCfg = Release|Any CPU
		{36B282B9-823F-41EE-9EB1-EAB65A3817D7}.Release|Any CPU.Build.0 = Release|Any CPU
		{F0479255-54C0-4F6B-A70F-6FEA50807222}.Debug|Any CPU.ActiveCfg = Debug|Any CPU
		{F0479255-54C0-4F6B-A70F-6FEA50807222}.Debug|Any CPU.Build.0 = Debug|Any CPU
		{F0479255-54C0-4F6B-A70F-6FEA50807222}.Release|Any CPU.ActiveCfg = Release|Any CPU
		{F0479255-54C0-4F6B-A70F-6FEA50807222}.Release|Any CPU.Build.0 = Release|Any CPU
		{3C2BF63C-7BC3-4B5F-827D-C2200CBAB69D}.Debug|Any CPU.ActiveCfg = Debug|Any CPU
		{3C2BF63C-7BC3-4B5F-827D-C2200CBAB69D}.Debug|Any CPU.Build.0 = Debug|Any CPU
		{3C2BF63C-7BC3-4B5F-827D-C2200CBAB69D}.Release|Any CPU.ActiveCfg = Release|Any CPU
		{3C2BF63C-7BC3-4B5F-827D-C2200CBAB69D}.Release|Any CPU.Build.0 = Release|Any CPU
	EndGlobalSection
	GlobalSection(SolutionProperties) = preSolution
		HideSolutionNode = FALSE
	EndGlobalSection
	GlobalSection(ExtensibilityGlobals) = postSolution
		SolutionGuid = {E5AD72FA-066E-4FA9-8988-043B9FBD901E}
	EndGlobalSection
EndGlobal
